
Microsoft Visual Studio Solution File, Format Version 12.00
# Visual Studio 2013
VisualStudioVersion = 12.0.21005.1
MinimumVisualStudioVersion = 10.0.40219.1
Project("{8BC9CEB8-8B4A-11D0-8D11-00A0C91BC942}") = "LeetCode_217-Contains_Duplicate", "LeetCode_217-Contains_Duplicate\LeetCode_217-Contains_Duplicate.vcxproj", "{16C15633-39F5-4A6D-8B52-5213DB58AD45}"
EndProject
Project("{8BC9CEB8-8B4A-11D0-8D11-00A0C91BC942}") = "LeetCode_136-Single_Number", "LeetCode_136-Single_Number\LeetCode_136-Single_Number.vcxproj", "{C48405FF-48A3-4412-B751-E10AD33AFF48}"
EndProject
Project("{8BC9CEB8-8B4A-11D0-8D11-00A0C91BC942}") = "LeetCode_219-Contains_Duplicate_II", "LeetCode_219-Contains_Duplicate_II\LeetCode_219-Contains_Duplicate_II.vcxproj", "{FD5DD60A-8B8E-49AE-AB4D-6E2BCECF3822}"
EndProject
Project("{8BC9CEB8-8B4A-11D0-8D11-00A0C91BC942}") = "LeetCode_151-Reverse_Words_in_a_String", "LeetCode_151-Reverse_Words_in_a_String\LeetCode_151-Reverse_Words_in_a_String.vcxproj", "{582C080F-08CA-4A11-8D94-4CF6FE85E3FA}"
EndProject
Project("{8BC9CEB8-8B4A-11D0-8D11-00A0C91BC942}") = "LeetCode_003-Longest_Substring_Without_Repeating_Characters", "LeetCode_003-Longest_Substring_Without_Repeating_Characters\LeetCode_003-Longest_Substring_Without_Repeating_Characters.vcxproj", "{31F8E31D-B0EE-4A85-9843-8EFE45A40154}"
EndProject
Project("{8BC9CEB8-8B4A-11D0-8D11-00A0C91BC942}") = "LeetCode_012-Integer_to_Roman", "LeetCode_012-Integer_to_Roman\LeetCode_012-Integer_to_Roman.vcxproj", "{78E7D174-38BB-4752-80E1-2D5A365B3E02}"
EndProject
Project("{8BC9CEB8-8B4A-11D0-8D11-00A0C91BC942}") = "LeetCode_007-Reverse_Integer", "LeetCode_007-Reverse_Integer\LeetCode_007-Reverse_Integer.vcxproj", "{B8FDB835-5A50-432A-B771-DB2184DA5A71}"
EndProject
Project("{8BC9CEB8-8B4A-11D0-8D11-00A0C91BC942}") = "LeetCode_011-Container_With_Most_Water", "LeetCode_011-Container_With_Most_Water\LeetCode_011-Container_With_Most_Water.vcxproj", "{EFEBC762-E0CB-4E01-8FA4-B0E552169F22}"
EndProject
Project("{8BC9CEB8-8B4A-11D0-8D11-00A0C91BC942}") = "LeetCode_005-Longest-Palindromic-Substring", "LeetCode_005-Longest-Palindromic-Substring\LeetCode_005-Longest-Palindromic-Substring.vcxproj", "{9E789B4E-9E54-40EC-AD33-C8A8CD5DE78B}"
EndProject
Project("{8BC9CEB8-8B4A-11D0-8D11-00A0C91BC942}") = "LeetCode_035-Search_Insert_Position", "LeetCode_035-Search_Insert_Position\LeetCode_035-Search_Insert_Position.vcxproj", "{651DC7A9-C1EB-4871-B3F4-8CF017912C13}"
EndProject
Project("{8BC9CEB8-8B4A-11D0-8D11-00A0C91BC942}") = "LeetCode_020-Valid_Parentheses", "LeetCode_020-Valid_Parentheses\LeetCode_020-Valid_Parentheses.vcxproj", "{D70BCFE6-DF38-4359-90BD-AE99B467BB17}"
EndProject
Project("{8BC9CEB8-8B4A-11D0-8D11-00A0C91BC942}") = "LeetCode_022-Generate_Parentheses", "LeetCode_022-Generate_Parentheses\LeetCode_022-Generate_Parentheses.vcxproj", "{300A6E9B-E132-4874-82E3-DE55B49D0D5B}"
EndProject
Project("{8BC9CEB8-8B4A-11D0-8D11-00A0C91BC942}") = "LeetCode_328-Odd_Even_Linked_List", "LeetCode_328-Odd_Even_Linked_List\LeetCode_328-Odd_Even_Linked_List.vcxproj", "{0799C8F1-9A54-4B68-838F-DDC93265F952}"
EndProject
Project("{8BC9CEB8-8B4A-11D0-8D11-00A0C91BC942}") = "LeetCode_345-Reverse_Vowels_of_a_String", "LeetCode_345-Reverse_Vowels_of_a_String\LeetCode_345-Reverse_Vowels_of_a_String.vcxproj", "{290FA6FB-D23F-40C8-8822-B464C0FFDF26}"
EndProject
Project("{8BC9CEB8-8B4A-11D0-8D11-00A0C91BC942}") = "LeetCode_336-Palindrome_Pairs", "LeetCode_336-Palindrome_Pairs\LeetCode_336-Palindrome_Pairs.vcxproj", "{AEEBBD4E-9FB8-4887-997E-D9D4CB23968C}"
EndProject
Project("{8BC9CEB8-8B4A-11D0-8D11-00A0C91BC942}") = "LeetCode_329-Longest_Increasing_Path_in_a_Matrix", "LeetCode_329-Longest_Increasing_Path_in_a_Matrix\LeetCode_329-Longest_Increasing_Path_in_a_Matrix.vcxproj", "{4C5FC951-ACD5-4215-9353-625947187B84}"
EndProject
Project("{8BC9CEB8-8B4A-11D0-8D11-00A0C91BC942}") = "LeetCode_352-Data_Stream_as_Disjoint_Intervals", "LeetCode_352-Data_Stream_as_Disjoint_Intervals\LeetCode_352-Data_Stream_as_Disjoint_Intervals.vcxproj", "{3A1C84C7-E2D8-4944-B91B-C53EAA51059F}"
EndProject
Project("{8BC9CEB8-8B4A-11D0-8D11-00A0C91BC942}") = "LeetCode_228-Summary_Ranges", "LeetCode_228-Summary_Ranges\LeetCode_228-Summary_Ranges.vcxproj", "{1B790E01-C4A0-43E9-924E-06334BD4330C}"
EndProject
Project("{8BC9CEB8-8B4A-11D0-8D11-00A0C91BC942}") = "LeetCode_091-Decode_Ways", "LeetCode_091-Decode_Ways\LeetCode_091-Decode_Ways.vcxproj", "{702E913F-D1FA-4ACA-B881-8D6AF19DB902}"
EndProject
Project("{8BC9CEB8-8B4A-11D0-8D11-00A0C91BC942}") = "LeetCode_268-Missing_Number", "LeetCode_268-Missing_Number\LeetCode_268-Missing_Number.vcxproj", "{EDC6D835-7507-4EA2-A913-29A305DE262A}"
EndProject
Project("{8BC9CEB8-8B4A-11D0-8D11-00A0C91BC942}") = "LeetCode_316-Remove_Duplicate_Letters", "LeetCode_316-Remove_Duplicate_Letters\LeetCode_316-Remove_Duplicate_Letters.vcxproj", "{77307132-D839-4711-84CF-1FABF4EECDA4}"
EndProject
Project("{8BC9CEB8-8B4A-11D0-8D11-00A0C91BC942}") = "LeetCode_045-Jump_Game_II", "LeetCode_045-Jump_Game_II\LeetCode_045-Jump_Game_II.vcxproj", "{0BB1E385-01CB-4B97-8E82-AEDD64C32120}"
EndProject
Project("{8BC9CEB8-8B4A-11D0-8D11-00A0C91BC942}") = "LeetCode_274-H-Index", "LeetCode_274-H-Index\LeetCode_274-H-Index.vcxproj", "{AA960620-0E55-455E-BC2B-DD7196811AC5}"
EndProject
Project("{8BC9CEB8-8B4A-11D0-8D11-00A0C91BC942}") = "LeetCode_318-Maximum_Product_of_Word_Lengths", "LeetCode_318-Maximum_Product_of_Word_Lengths\LeetCode_318-Maximum_Product_of_Word_Lengths.vcxproj", "{07595BE7-2A1E-46EF-BF17-054E3FA2EB85}"
EndProject
Project("{8BC9CEB8-8B4A-11D0-8D11-00A0C91BC942}") = "LeetCode_275-H-Index_II", "LeetCode_275-H-Index_II\LeetCode_275-H-Index_II.vcxproj", "{E8A526FD-FBFE-4862-BF50-EDC1CA7F3202}"
EndProject
Project("{8BC9CEB8-8B4A-11D0-8D11-00A0C91BC942}") = "LeetCode_264-Ugly_Number_II", "LeetCode_264-Ugly_Number_II\LeetCode_264-Ugly_Number_II.vcxproj", "{7EEE379F-278A-4564-846F-53053494E2F7}"
EndProject
Global
	GlobalSection(SolutionConfigurationPlatforms) = preSolution
		Debug|Win32 = Debug|Win32
		Release|Win32 = Release|Win32
	EndGlobalSection
	GlobalSection(ProjectConfigurationPlatforms) = postSolution
		{16C15633-39F5-4A6D-8B52-5213DB58AD45}.Debug|Win32.ActiveCfg = Debug|Win32
		{16C15633-39F5-4A6D-8B52-5213DB58AD45}.Debug|Win32.Build.0 = Debug|Win32
		{16C15633-39F5-4A6D-8B52-5213DB58AD45}.Release|Win32.ActiveCfg = Release|Win32
		{16C15633-39F5-4A6D-8B52-5213DB58AD45}.Release|Win32.Build.0 = Release|Win32
		{C48405FF-48A3-4412-B751-E10AD33AFF48}.Debug|Win32.ActiveCfg = Debug|Win32
		{C48405FF-48A3-4412-B751-E10AD33AFF48}.Debug|Win32.Build.0 = Debug|Win32
		{C48405FF-48A3-4412-B751-E10AD33AFF48}.Release|Win32.ActiveCfg = Release|Win32
		{C48405FF-48A3-4412-B751-E10AD33AFF48}.Release|Win32.Build.0 = Release|Win32
		{FD5DD60A-8B8E-49AE-AB4D-6E2BCECF3822}.Debug|Win32.ActiveCfg = Debug|Win32
		{FD5DD60A-8B8E-49AE-AB4D-6E2BCECF3822}.Debug|Win32.Build.0 = Debug|Win32
		{FD5DD60A-8B8E-49AE-AB4D-6E2BCECF3822}.Release|Win32.ActiveCfg = Release|Win32
		{FD5DD60A-8B8E-49AE-AB4D-6E2BCECF3822}.Release|Win32.Build.0 = Release|Win32
		{582C080F-08CA-4A11-8D94-4CF6FE85E3FA}.Debug|Win32.ActiveCfg = Debug|Win32
		{582C080F-08CA-4A11-8D94-4CF6FE85E3FA}.Debug|Win32.Build.0 = Debug|Win32
		{582C080F-08CA-4A11-8D94-4CF6FE85E3FA}.Release|Win32.ActiveCfg = Release|Win32
		{582C080F-08CA-4A11-8D94-4CF6FE85E3FA}.Release|Win32.Build.0 = Release|Win32
		{31F8E31D-B0EE-4A85-9843-8EFE45A40154}.Debug|Win32.ActiveCfg = Debug|Win32
		{31F8E31D-B0EE-4A85-9843-8EFE45A40154}.Debug|Win32.Build.0 = Debug|Win32
		{31F8E31D-B0EE-4A85-9843-8EFE45A40154}.Release|Win32.ActiveCfg = Release|Win32
		{31F8E31D-B0EE-4A85-9843-8EFE45A40154}.Release|Win32.Build.0 = Release|Win32
		{78E7D174-38BB-4752-80E1-2D5A365B3E02}.Debug|Win32.ActiveCfg = Debug|Win32
		{78E7D174-38BB-4752-80E1-2D5A365B3E02}.Debug|Win32.Build.0 = Debug|Win32
		{78E7D174-38BB-4752-80E1-2D5A365B3E02}.Release|Win32.ActiveCfg = Release|Win32
		{78E7D174-38BB-4752-80E1-2D5A365B3E02}.Release|Win32.Build.0 = Release|Win32
		{B8FDB835-5A50-432A-B771-DB2184DA5A71}.Debug|Win32.ActiveCfg = Debug|Win32
		{B8FDB835-5A50-432A-B771-DB2184DA5A71}.Debug|Win32.Build.0 = Debug|Win32
		{B8FDB835-5A50-432A-B771-DB2184DA5A71}.Release|Win32.ActiveCfg = Release|Win32
		{B8FDB835-5A50-432A-B771-DB2184DA5A71}.Release|Win32.Build.0 = Release|Win32
		{EFEBC762-E0CB-4E01-8FA4-B0E552169F22}.Debug|Win32.ActiveCfg = Debug|Win32
		{EFEBC762-E0CB-4E01-8FA4-B0E552169F22}.Debug|Win32.Build.0 = Debug|Win32
		{EFEBC762-E0CB-4E01-8FA4-B0E552169F22}.Release|Win32.ActiveCfg = Release|Win32
		{EFEBC762-E0CB-4E01-8FA4-B0E552169F22}.Release|Win32.Build.0 = Release|Win32
		{9E789B4E-9E54-40EC-AD33-C8A8CD5DE78B}.Debug|Win32.ActiveCfg = Debug|Win32
		{9E789B4E-9E54-40EC-AD33-C8A8CD5DE78B}.Debug|Win32.Build.0 = Debug|Win32
		{9E789B4E-9E54-40EC-AD33-C8A8CD5DE78B}.Release|Win32.ActiveCfg = Release|Win32
		{9E789B4E-9E54-40EC-AD33-C8A8CD5DE78B}.Release|Win32.Build.0 = Release|Win32
		{651DC7A9-C1EB-4871-B3F4-8CF017912C13}.Debug|Win32.ActiveCfg = Debug|Win32
		{651DC7A9-C1EB-4871-B3F4-8CF017912C13}.Debug|Win32.Build.0 = Debug|Win32
		{651DC7A9-C1EB-4871-B3F4-8CF017912C13}.Release|Win32.ActiveCfg = Release|Win32
		{651DC7A9-C1EB-4871-B3F4-8CF017912C13}.Release|Win32.Build.0 = Release|Win32
		{D70BCFE6-DF38-4359-90BD-AE99B467BB17}.Debug|Win32.ActiveCfg = Debug|Win32
		{D70BCFE6-DF38-4359-90BD-AE99B467BB17}.Debug|Win32.Build.0 = Debug|Win32
		{D70BCFE6-DF38-4359-90BD-AE99B467BB17}.Release|Win32.ActiveCfg = Release|Win32
		{D70BCFE6-DF38-4359-90BD-AE99B467BB17}.Release|Win32.Build.0 = Release|Win32
		{300A6E9B-E132-4874-82E3-DE55B49D0D5B}.Debug|Win32.ActiveCfg = Debug|Win32
		{300A6E9B-E132-4874-82E3-DE55B49D0D5B}.Debug|Win32.Build.0 = Debug|Win32
		{300A6E9B-E132-4874-82E3-DE55B49D0D5B}.Release|Win32.ActiveCfg = Release|Win32
		{300A6E9B-E132-4874-82E3-DE55B49D0D5B}.Release|Win32.Build.0 = Release|Win32
		{0799C8F1-9A54-4B68-838F-DDC93265F952}.Debug|Win32.ActiveCfg = Debug|Win32
		{0799C8F1-9A54-4B68-838F-DDC93265F952}.Debug|Win32.Build.0 = Debug|Win32
		{0799C8F1-9A54-4B68-838F-DDC93265F952}.Release|Win32.ActiveCfg = Release|Win32
		{0799C8F1-9A54-4B68-838F-DDC93265F952}.Release|Win32.Build.0 = Release|Win32
		{290FA6FB-D23F-40C8-8822-B464C0FFDF26}.Debug|Win32.ActiveCfg = Debug|Win32
		{290FA6FB-D23F-40C8-8822-B464C0FFDF26}.Debug|Win32.Build.0 = Debug|Win32
		{290FA6FB-D23F-40C8-8822-B464C0FFDF26}.Release|Win32.ActiveCfg = Release|Win32
		{290FA6FB-D23F-40C8-8822-B464C0FFDF26}.Release|Win32.Build.0 = Release|Win32
		{AEEBBD4E-9FB8-4887-997E-D9D4CB23968C}.Debug|Win32.ActiveCfg = Debug|Win32
		{AEEBBD4E-9FB8-4887-997E-D9D4CB23968C}.Debug|Win32.Build.0 = Debug|Win32
		{AEEBBD4E-9FB8-4887-997E-D9D4CB23968C}.Release|Win32.ActiveCfg = Release|Win32
		{AEEBBD4E-9FB8-4887-997E-D9D4CB23968C}.Release|Win32.Build.0 = Release|Win32
		{4C5FC951-ACD5-4215-9353-625947187B84}.Debug|Win32.ActiveCfg = Debug|Win32
		{4C5FC951-ACD5-4215-9353-625947187B84}.Debug|Win32.Build.0 = Debug|Win32
		{4C5FC951-ACD5-4215-9353-625947187B84}.Release|Win32.ActiveCfg = Release|Win32
		{4C5FC951-ACD5-4215-9353-625947187B84}.Release|Win32.Build.0 = Release|Win32
		{3A1C84C7-E2D8-4944-B91B-C53EAA51059F}.Debug|Win32.ActiveCfg = Debug|Win32
		{3A1C84C7-E2D8-4944-B91B-C53EAA51059F}.Debug|Win32.Build.0 = Debug|Win32
		{3A1C84C7-E2D8-4944-B91B-C53EAA51059F}.Release|Win32.ActiveCfg = Release|Win32
		{3A1C84C7-E2D8-4944-B91B-C53EAA51059F}.Release|Win32.Build.0 = Release|Win32
		{1B790E01-C4A0-43E9-924E-06334BD4330C}.Debug|Win32.ActiveCfg = Debug|Win32
		{1B790E01-C4A0-43E9-924E-06334BD4330C}.Debug|Win32.Build.0 = Debug|Win32
		{1B790E01-C4A0-43E9-924E-06334BD4330C}.Release|Win32.ActiveCfg = Release|Win32
		{1B790E01-C4A0-43E9-924E-06334BD4330C}.Release|Win32.Build.0 = Release|Win32
		{702E913F-D1FA-4ACA-B881-8D6AF19DB902}.Debug|Win32.ActiveCfg = Debug|Win32
		{702E913F-D1FA-4ACA-B881-8D6AF19DB902}.Debug|Win32.Build.0 = Debug|Win32
		{702E913F-D1FA-4ACA-B881-8D6AF19DB902}.Release|Win32.ActiveCfg = Release|Win32
		{702E913F-D1FA-4ACA-B881-8D6AF19DB902}.Release|Win32.Build.0 = Release|Win32
		{EDC6D835-7507-4EA2-A913-29A305DE262A}.Debug|Win32.ActiveCfg = Debug|Win32
		{EDC6D835-7507-4EA2-A913-29A305DE262A}.Debug|Win32.Build.0 = Debug|Win32
		{EDC6D835-7507-4EA2-A913-29A305DE262A}.Release|Win32.ActiveCfg = Release|Win32
		{EDC6D835-7507-4EA2-A913-29A305DE262A}.Release|Win32.Build.0 = Release|Win32
		{77307132-D839-4711-84CF-1FABF4EECDA4}.Debug|Win32.ActiveCfg = Debug|Win32
		{77307132-D839-4711-84CF-1FABF4EECDA4}.Debug|Win32.Build.0 = Debug|Win32
		{77307132-D839-4711-84CF-1FABF4EECDA4}.Release|Win32.ActiveCfg = Release|Win32
		{77307132-D839-4711-84CF-1FABF4EECDA4}.Release|Win32.Build.0 = Release|Win32
		{0BB1E385-01CB-4B97-8E82-AEDD64C32120}.Debug|Win32.ActiveCfg = Debug|Win32
		{0BB1E385-01CB-4B97-8E82-AEDD64C32120}.Debug|Win32.Build.0 = Debug|Win32
		{0BB1E385-01CB-4B97-8E82-AEDD64C32120}.Release|Win32.ActiveCfg = Release|Win32
		{0BB1E385-01CB-4B97-8E82-AEDD64C32120}.Release|Win32.Build.0 = Release|Win32
		{AA960620-0E55-455E-BC2B-DD7196811AC5}.Debug|Win32.ActiveCfg = Debug|Win32
		{AA960620-0E55-455E-BC2B-DD7196811AC5}.Debug|Win32.Build.0 = Debug|Win32
		{AA960620-0E55-455E-BC2B-DD7196811AC5}.Release|Win32.ActiveCfg = Release|Win32
		{AA960620-0E55-455E-BC2B-DD7196811AC5}.Release|Win32.Build.0 = Release|Win32
		{07595BE7-2A1E-46EF-BF17-054E3FA2EB85}.Debug|Win32.ActiveCfg = Debug|Win32
		{07595BE7-2A1E-46EF-BF17-054E3FA2EB85}.Debug|Win32.Build.0 = Debug|Win32
		{07595BE7-2A1E-46EF-BF17-054E3FA2EB85}.Release|Win32.ActiveCfg = Release|Win32
		{07595BE7-2A1E-46EF-BF17-054E3FA2EB85}.Release|Win32.Build.0 = Release|Win32
		{E8A526FD-FBFE-4862-BF50-EDC1CA7F3202}.Debug|Win32.ActiveCfg = Debug|Win32
		{E8A526FD-FBFE-4862-BF50-EDC1CA7F3202}.Debug|Win32.Build.0 = Debug|Win32
		{E8A526FD-FBFE-4862-BF50-EDC1CA7F3202}.Release|Win32.ActiveCfg = Release|Win32
		{E8A526FD-FBFE-4862-BF50-EDC1CA7F3202}.Release|Win32.Build.0 = Release|Win32
		{7EEE379F-278A-4564-846F-53053494E2F7}.Debug|Win32.ActiveCfg = Debug|Win32
		{7EEE379F-278A-4564-846F-53053494E2F7}.Debug|Win32.Build.0 = Debug|Win32
		{7EEE379F-278A-4564-846F-53053494E2F7}.Release|Win32.ActiveCfg = Release|Win32
		{7EEE379F-278A-4564-846F-53053494E2F7}.Release|Win32.Build.0 = Release|Win32
	EndGlobalSection
	GlobalSection(SolutionProperties) = preSolution
		HideSolutionNode = FALSE
	EndGlobalSection
EndGlobal
